
Microsoft Visual Studio Solution File, Format Version 12.00
# Visual Studio Version 16
VisualStudioVersion = 16.0.31515.178
MinimumVisualStudioVersion = 10.0.40219.1
Project("{888888A0-9F3D-457C-B088-3A5042F75D52}") = "Course Project Part 1", "Course Project Part 1.pyproj", "{A68CB73D-08F0-4473-A1A8-C9B18D1A2722}"
EndProject
Global
	GlobalSection(SolutionConfigurationPlatforms) = preSolution
		Debug|Any CPU = Debug|Any CPU
		Release|Any CPU = Release|Any CPU
	EndGlobalSection
	GlobalSection(ProjectConfigurationPlatforms) = postSolution
		{A68CB73D-08F0-4473-A1A8-C9B18D1A2722}.Debug|Any CPU.ActiveCfg = Debug|Any CPU
		{A68CB73D-08F0-4473-A1A8-C9B18D1A2722}.Release|Any CPU.ActiveCfg = Release|Any CPU
	EndGlobalSection
	GlobalSection(SolutionProperties) = preSolution
		HideSolutionNode = FALSE
	EndGlobalSection
	GlobalSection(ExtensibilityGlobals) = postSolution
		SolutionGuid = {259056F6-C3D3-4171-AD47-62A54A26A830}
	EndGlobalSection
EndGlobal
